
Microsoft Visual Studio Solution File, Format Version 12.00
# Visual Studio 15
VisualStudioVersion = 15.0.27130.2020
MinimumVisualStudioVersion = 10.0.40219.1
Project("{FAE04EC0-301F-11D3-BF4B-00C04F79EFBC}") = "CMS", "CMS\CMS.csproj", "{FABD57A5-65D1-4B5B-B521-E0CAD32C2082}"
EndProject
Global
	GlobalSection(SolutionConfigurationPlatforms) = preSolution
		Debug|Any CPU = Debug|Any CPU
		Release|Any CPU = Release|Any CPU
	EndGlobalSection
	GlobalSection(ProjectConfigurationPlatforms) = postSolution
		{FABD57A5-65D1-4B5B-B521-E0CAD32C2082}.Debug|Any CPU.ActiveCfg = Debug|Any CPU
		{FABD57A5-65D1-4B5B-B521-E0CAD32C2082}.Debug|Any CPU.Build.0 = Debug|Any CPU
		{FABD57A5-65D1-4B5B-B521-E0CAD32C2082}.Release|Any CPU.ActiveCfg = Release|Any CPU
		{FABD57A5-65D1-4B5B-B521-E0CAD32C2082}.Release|Any CPU.Build.0 = Release|Any CPU
	EndGlobalSection
	GlobalSection(SolutionProperties) = preSolution
		HideSolutionNode = FALSE
	EndGlobalSection
	GlobalSection(ExtensibilityGlobals) = postSolution
		SolutionGuid = {978E2C94-6611-427E-AF40-3605343C8E0E}
	EndGlobalSection
EndGlobal
